
Microsoft Visual Studio Solution File, Format Version 12.00
# Visual Studio Version 16
VisualStudioVersion = 25.0.1704.3
MinimumVisualStudioVersion = 10.0.40219.1
Project("{FAE04EC0-301F-11D3-BF4B-00C04F79EFBC}") = "ipv4Tool_FS", "ipv4Tool_FS\ipv4Tool_FS.csproj", "{2B2EB06A-4818-4854-803B-2B6A47C6B592}"
EndProject
Global
	GlobalSection(SolutionConfigurationPlatforms) = preSolution
		Debug|Any CPU = Debug|Any CPU
		Release|Any CPU = Release|Any CPU
	EndGlobalSection
	GlobalSection(ProjectConfigurationPlatforms) = postSolution
		{2B2EB06A-4818-4854-803B-2B6A47C6B592}.Debug|Any CPU.ActiveCfg = Debug|Any CPU
		{2B2EB06A-4818-4854-803B-2B6A47C6B592}.Debug|Any CPU.Build.0 = Debug|Any CPU
		{2B2EB06A-4818-4854-803B-2B6A47C6B592}.Release|Any CPU.ActiveCfg = Release|Any CPU
		{2B2EB06A-4818-4854-803B-2B6A47C6B592}.Release|Any CPU.Build.0 = Release|Any CPU
	EndGlobalSection
	GlobalSection(SolutionProperties) = preSolution
		HideSolutionNode = FALSE
	EndGlobalSection
	GlobalSection(ExtensibilityGlobals) = postSolution
		SolutionGuid = {BE32340C-A4E0-4722-99D2-94D0C20A5565}
	EndGlobalSection
EndGlobal
